{
    "version": 3,
    "terraform_version": "0.11.14",
    "serial": 6,
    "lineage": "7d5ba0cb-40b0-4cf3-0752-322c075a7a7a",
    "modules": [
        {
            "path": [
                "root"
            ],
            "outputs": {},
            "resources": {
                "aws_iam_role.sample": {
                    "type": "aws_iam_role",
                    "depends_on": [],
                    "primary": {
                        "id": "aws-terraform-sample",
                        "attributes": {
                            "arn": "arn:aws:iam::858021811659:role/aws-terraform-sample",
                            "assume_role_policy": "{\"Version\":\"2012-10-17\",\"Statement\":[{\"Effect\":\"Allow\",\"Principal\":{\"Service\":[\"glue.amazonaws.com\",\"s3.amazonaws.com\",\"lambda.amazonaws.com\"]},\"Action\":\"sts:AssumeRole\"}]}",
                            "create_date": "2020-08-19T05:47:32Z",
                            "description": "",
                            "force_detach_policies": "true",
                            "id": "aws-terraform-sample",
                            "max_session_duration": "3600",
                            "name": "aws-terraform-sample",
                            "path": "/",
                            "tags.%": "0",
                            "unique_id": "AROA4PRQV2XFV7ZWYOXUZ"
                        },
                        "meta": {},
                        "tainted": false
                    },
                    "deposed": [],
                    "provider": "provider.aws"
                },
                "aws_iam_role_policy.sample": {
                    "type": "aws_iam_role_policy",
                    "depends_on": [
                        "aws_iam_role.sample"
                    ],
                    "primary": {
                        "id": "aws-terraform-sample:aws-terraform-sample",
                        "attributes": {
                            "id": "aws-terraform-sample:aws-terraform-sample",
                            "name": "aws-terraform-sample",
                            "policy": "{\n    \"Version\": \"2012-10-17\",\n    \"Statement\": [\n        {\n            \"Action\": \"s3:*\",\n            \"Resource\": \"*\",\n            \"Effect\": \"Allow\"\n        },\n        {\n            \"Action\": \"lambda:*\",\n            \"Resource\": \"*\",\n            \"Effect\": \"Allow\"\n        },\n        {\n            \"Action\": \"glue:*\",\n            \"Resource\": \"*\",\n            \"Effect\": \"Allow\"\n        }\n    ]\n}\n",
                            "role": "aws-terraform-sample"
                        },
                        "meta": {},
                        "tainted": false
                    },
                    "deposed": [],
                    "provider": "provider.aws"
                },
                "aws_kms_alias.sample1": {
                    "type": "aws_kms_alias",
                    "depends_on": [
                        "aws_kms_key.sample1"
                    ],
                    "primary": {
                        "id": "alias/homesite-takehome-test-staging-54321",
                        "attributes": {
                            "arn": "arn:aws:kms:us-west-2:858021811659:alias/homesite-takehome-test-staging-54321",
                            "id": "alias/homesite-takehome-test-staging-54321",
                            "name": "alias/homesite-takehome-test-staging-54321",
                            "target_key_arn": "arn:aws:kms:us-west-2:858021811659:key/77985cba-72f4-481e-a9f0-249618d8a5bb",
                            "target_key_id": "77985cba-72f4-481e-a9f0-249618d8a5bb"
                        },
                        "meta": {},
                        "tainted": false
                    },
                    "deposed": [],
                    "provider": "provider.aws"
                },
                "aws_kms_alias.sample2": {
                    "type": "aws_kms_alias",
                    "depends_on": [
                        "aws_kms_key.sample2"
                    ],
                    "primary": {
                        "id": "alias/homesite-takehome-test-raw-54321",
                        "attributes": {
                            "arn": "arn:aws:kms:us-west-2:858021811659:alias/homesite-takehome-test-raw-54321",
                            "id": "alias/homesite-takehome-test-raw-54321",
                            "name": "alias/homesite-takehome-test-raw-54321",
                            "target_key_arn": "arn:aws:kms:us-west-2:858021811659:key/8a51c05c-bbc4-4bab-83c1-be76fd68a85f",
                            "target_key_id": "8a51c05c-bbc4-4bab-83c1-be76fd68a85f"
                        },
                        "meta": {},
                        "tainted": false
                    },
                    "deposed": [],
                    "provider": "provider.aws"
                },
                "aws_kms_alias.sample3": {
                    "type": "aws_kms_alias",
                    "depends_on": [
                        "aws_kms_key.sample3"
                    ],
                    "primary": {
                        "id": "alias/homesite-takehome-test-transformed-54321",
                        "attributes": {
                            "arn": "arn:aws:kms:us-west-2:858021811659:alias/homesite-takehome-test-transformed-54321",
                            "id": "alias/homesite-takehome-test-transformed-54321",
                            "name": "alias/homesite-takehome-test-transformed-54321",
                            "target_key_arn": "arn:aws:kms:us-west-2:858021811659:key/b8de547c-6f84-45b1-9525-23a2029d9efb",
                            "target_key_id": "b8de547c-6f84-45b1-9525-23a2029d9efb"
                        },
                        "meta": {},
                        "tainted": false
                    },
                    "deposed": [],
                    "provider": "provider.aws"
                },
                "aws_kms_key.sample1": {
                    "type": "aws_kms_key",
                    "depends_on": [
                        "aws_iam_role.sample"
                    ],
                    "primary": {
                        "id": "77985cba-72f4-481e-a9f0-249618d8a5bb",
                        "attributes": {
                            "arn": "arn:aws:kms:us-west-2:858021811659:key/77985cba-72f4-481e-a9f0-249618d8a5bb",
                            "description": "",
                            "enable_key_rotation": "false",
                            "id": "77985cba-72f4-481e-a9f0-249618d8a5bb",
                            "is_enabled": "true",
                            "key_id": "77985cba-72f4-481e-a9f0-249618d8a5bb",
                            "key_usage": "ENCRYPT_DECRYPT",
                            "policy": "{\"Id\":\"key-S3\",\"Statement\":[{\"Action\":\"kms:*\",\"Effect\":\"Allow\",\"Principal\":{\"AWS\":\"arn:aws:iam::858021811659:root\"},\"Resource\":\"*\",\"Sid\":\"Enable IAM User Permissions\"},{\"Action\":[\"kms:DescribeKey\",\"kms:Encrypt\",\"kms:Decrypt\",\"kms:ReEncrypt*\",\"kms:GenerateDataKey\",\"kms:GenerateDataKeyWithoutPlaintext\"],\"Effect\":\"Allow\",\"Principal\":{\"AWS\":[\"arn:aws:iam::858021811659:role/acp-etl-CommonEmrEc2Role\",\"arn:aws:iam::858021811659:role/aws-terraform-sample\"]},\"Resource\":\"*\",\"Sid\":\"Allow use of the key\"}],\"Version\":\"2012-10-17\"}",
                            "tags.%": "0"
                        },
                        "meta": {},
                        "tainted": false
                    },
                    "deposed": [],
                    "provider": "provider.aws"
                },
                "aws_kms_key.sample2": {
                    "type": "aws_kms_key",
                    "depends_on": [
                        "aws_iam_role.sample"
                    ],
                    "primary": {
                        "id": "8a51c05c-bbc4-4bab-83c1-be76fd68a85f",
                        "attributes": {
                            "arn": "arn:aws:kms:us-west-2:858021811659:key/8a51c05c-bbc4-4bab-83c1-be76fd68a85f",
                            "description": "",
                            "enable_key_rotation": "false",
                            "id": "8a51c05c-bbc4-4bab-83c1-be76fd68a85f",
                            "is_enabled": "true",
                            "key_id": "8a51c05c-bbc4-4bab-83c1-be76fd68a85f",
                            "key_usage": "ENCRYPT_DECRYPT",
                            "policy": "{\"Id\":\"key-S3\",\"Statement\":[{\"Action\":\"kms:*\",\"Effect\":\"Allow\",\"Principal\":{\"AWS\":\"arn:aws:iam::858021811659:root\"},\"Resource\":\"*\",\"Sid\":\"Enable IAM User Permissions\"},{\"Action\":[\"kms:DescribeKey\",\"kms:Encrypt\",\"kms:Decrypt\",\"kms:ReEncrypt*\",\"kms:GenerateDataKey\",\"kms:GenerateDataKeyWithoutPlaintext\"],\"Effect\":\"Allow\",\"Principal\":{\"AWS\":[\"arn:aws:iam::858021811659:role/aws-terraform-sample\",\"arn:aws:iam::858021811659:role/acp-etl-CommonEmrEc2Role\"]},\"Resource\":\"*\",\"Sid\":\"Allow use of the key\"}],\"Version\":\"2012-10-17\"}",
                            "tags.%": "0"
                        },
                        "meta": {},
                        "tainted": false
                    },
                    "deposed": [],
                    "provider": "provider.aws"
                },
                "aws_kms_key.sample3": {
                    "type": "aws_kms_key",
                    "depends_on": [
                        "aws_iam_role.sample"
                    ],
                    "primary": {
                        "id": "b8de547c-6f84-45b1-9525-23a2029d9efb",
                        "attributes": {
                            "arn": "arn:aws:kms:us-west-2:858021811659:key/b8de547c-6f84-45b1-9525-23a2029d9efb",
                            "description": "",
                            "enable_key_rotation": "false",
                            "id": "b8de547c-6f84-45b1-9525-23a2029d9efb",
                            "is_enabled": "true",
                            "key_id": "b8de547c-6f84-45b1-9525-23a2029d9efb",
                            "key_usage": "ENCRYPT_DECRYPT",
                            "policy": "{\"Id\":\"key-S3\",\"Statement\":[{\"Action\":\"kms:*\",\"Effect\":\"Allow\",\"Principal\":{\"AWS\":\"arn:aws:iam::858021811659:root\"},\"Resource\":\"*\",\"Sid\":\"Enable IAM User Permissions\"},{\"Action\":[\"kms:DescribeKey\",\"kms:Encrypt\",\"kms:Decrypt\",\"kms:ReEncrypt*\",\"kms:GenerateDataKey\",\"kms:GenerateDataKeyWithoutPlaintext\"],\"Effect\":\"Allow\",\"Principal\":{\"AWS\":[\"arn:aws:iam::858021811659:role/aws-terraform-sample\",\"arn:aws:iam::858021811659:role/acp-etl-CommonEmrEc2Role\"]},\"Resource\":\"*\",\"Sid\":\"Allow use of the key\"}],\"Version\":\"2012-10-17\"}",
                            "tags.%": "0"
                        },
                        "meta": {},
                        "tainted": false
                    },
                    "deposed": [],
                    "provider": "provider.aws"
                },
                "aws_s3_bucket.sample1": {
                    "type": "aws_s3_bucket",
                    "depends_on": [
                        "aws_iam_role.sample",
                        "aws_kms_key.sample1"
                    ],
                    "primary": {
                        "id": "homesite-takehome-test-staging-54321",
                        "attributes": {
                            "acceleration_status": "",
                            "acl": "private",
                            "arn": "arn:aws:s3:::homesite-takehome-test-staging-54321",
                            "bucket": "homesite-takehome-test-staging-54321",
                            "bucket_domain_name": "homesite-takehome-test-staging-54321.s3.amazonaws.com",
                            "bucket_regional_domain_name": "homesite-takehome-test-staging-54321.s3.us-west-2.amazonaws.com",
                            "cors_rule.#": "0",
                            "force_destroy": "false",
                            "hosted_zone_id": "Z3BJ6K6RIION7M",
                            "id": "homesite-takehome-test-staging-54321",
                            "lifecycle_rule.#": "0",
                            "logging.#": "0",
                            "object_lock_configuration.#": "0",
                            "policy": "{\"Statement\":[{\"Action\":\"s3:*\",\"Effect\":\"Allow\",\"Principal\":{\"AWS\":\"arn:aws:iam::858021811659:root\"},\"Resource\":\"arn:aws:s3:::homesite-takehome-test-staging-54321/*\"},{\"Action\":\"s3:*\",\"Effect\":\"Allow\",\"Principal\":{\"AWS\":\"arn:aws:iam::858021811659:role/acp-etl-CommonEmrEc2Role\"},\"Resource\":\"arn:aws:s3:::homesite-takehome-test-staging-54321/*\"},{\"Action\":[\"s3:GetObject\",\"s3:GetObjectVersion\"],\"Effect\":\"Allow\",\"Principal\":{\"AWS\":\"arn:aws:iam::858021811659:role/aws-terraform-sample\"},\"Resource\":\"arn:aws:s3:::homesite-takehome-test-staging-54321/*\"},{\"Action\":\"s3:*\",\"Condition\":{\"Bool\":{\"aws:SecureTransport\":\"false\"}},\"Effect\":\"Deny\",\"Principal\":\"*\",\"Resource\":\"arn:aws:s3:::homesite-takehome-test-staging-54321/*\"}],\"Version\":\"2008-10-17\"}",
                            "region": "us-west-2",
                            "replication_configuration.#": "0",
                            "request_payer": "BucketOwner",
                            "server_side_encryption_configuration.#": "1",
                            "server_side_encryption_configuration.0.rule.#": "1",
                            "server_side_encryption_configuration.0.rule.0.apply_server_side_encryption_by_default.#": "1",
                            "server_side_encryption_configuration.0.rule.0.apply_server_side_encryption_by_default.0.kms_master_key_id": "arn:aws:kms:us-west-2:858021811659:key/77985cba-72f4-481e-a9f0-249618d8a5bb",
                            "server_side_encryption_configuration.0.rule.0.apply_server_side_encryption_by_default.0.sse_algorithm": "aws:kms",
                            "tags.%": "0",
                            "versioning.#": "1",
                            "versioning.0.enabled": "false",
                            "versioning.0.mfa_delete": "false",
                            "website.#": "0"
                        },
                        "meta": {},
                        "tainted": false
                    },
                    "deposed": [],
                    "provider": "provider.aws"
                },
                "aws_s3_bucket.sample2": {
                    "type": "aws_s3_bucket",
                    "depends_on": [
                        "aws_iam_role.sample",
                        "aws_kms_key.sample2"
                    ],
                    "primary": {
                        "id": "homesite-takehome-test-raw-54321",
                        "attributes": {
                            "acceleration_status": "",
                            "acl": "private",
                            "arn": "arn:aws:s3:::homesite-takehome-test-raw-54321",
                            "bucket": "homesite-takehome-test-raw-54321",
                            "bucket_domain_name": "homesite-takehome-test-raw-54321.s3.amazonaws.com",
                            "bucket_regional_domain_name": "homesite-takehome-test-raw-54321.s3.us-west-2.amazonaws.com",
                            "cors_rule.#": "0",
                            "force_destroy": "false",
                            "hosted_zone_id": "Z3BJ6K6RIION7M",
                            "id": "homesite-takehome-test-raw-54321",
                            "lifecycle_rule.#": "0",
                            "logging.#": "0",
                            "object_lock_configuration.#": "0",
                            "policy": "{\"Statement\":[{\"Action\":\"s3:*\",\"Effect\":\"Allow\",\"Principal\":{\"AWS\":\"arn:aws:iam::858021811659:root\"},\"Resource\":\"arn:aws:s3:::homesite-takehome-test-raw-54321/*\"},{\"Action\":\"s3:*\",\"Effect\":\"Allow\",\"Principal\":{\"AWS\":\"arn:aws:iam::858021811659:role/acp-etl-CommonEmrEc2Role\"},\"Resource\":\"arn:aws:s3:::homesite-takehome-test-raw-54321/*\"},{\"Action\":[\"s3:GetObject\",\"s3:GetObjectVersion\"],\"Effect\":\"Allow\",\"Principal\":{\"AWS\":\"arn:aws:iam::858021811659:role/aws-terraform-sample\"},\"Resource\":\"arn:aws:s3:::homesite-takehome-test-raw-54321/*\"},{\"Action\":\"s3:*\",\"Condition\":{\"Bool\":{\"aws:SecureTransport\":\"false\"}},\"Effect\":\"Deny\",\"Principal\":\"*\",\"Resource\":\"arn:aws:s3:::homesite-takehome-test-raw-54321/*\"}],\"Version\":\"2008-10-17\"}",
                            "region": "us-west-2",
                            "replication_configuration.#": "0",
                            "request_payer": "BucketOwner",
                            "server_side_encryption_configuration.#": "1",
                            "server_side_encryption_configuration.0.rule.#": "1",
                            "server_side_encryption_configuration.0.rule.0.apply_server_side_encryption_by_default.#": "1",
                            "server_side_encryption_configuration.0.rule.0.apply_server_side_encryption_by_default.0.kms_master_key_id": "arn:aws:kms:us-west-2:858021811659:key/8a51c05c-bbc4-4bab-83c1-be76fd68a85f",
                            "server_side_encryption_configuration.0.rule.0.apply_server_side_encryption_by_default.0.sse_algorithm": "aws:kms",
                            "tags.%": "0",
                            "versioning.#": "1",
                            "versioning.0.enabled": "false",
                            "versioning.0.mfa_delete": "false",
                            "website.#": "0"
                        },
                        "meta": {},
                        "tainted": false
                    },
                    "deposed": [],
                    "provider": "provider.aws"
                },
                "aws_s3_bucket.sample3": {
                    "type": "aws_s3_bucket",
                    "depends_on": [
                        "aws_iam_role.sample",
                        "aws_kms_key.sample3"
                    ],
                    "primary": {
                        "id": "homesite-takehome-test-transformed-54321",
                        "attributes": {
                            "acceleration_status": "",
                            "acl": "private",
                            "arn": "arn:aws:s3:::homesite-takehome-test-transformed-54321",
                            "bucket": "homesite-takehome-test-transformed-54321",
                            "bucket_domain_name": "homesite-takehome-test-transformed-54321.s3.amazonaws.com",
                            "bucket_regional_domain_name": "homesite-takehome-test-transformed-54321.s3.us-west-2.amazonaws.com",
                            "cors_rule.#": "0",
                            "force_destroy": "false",
                            "hosted_zone_id": "Z3BJ6K6RIION7M",
                            "id": "homesite-takehome-test-transformed-54321",
                            "lifecycle_rule.#": "0",
                            "logging.#": "0",
                            "object_lock_configuration.#": "0",
                            "policy": "{\"Statement\":[{\"Action\":\"s3:*\",\"Effect\":\"Allow\",\"Principal\":{\"AWS\":\"arn:aws:iam::858021811659:root\"},\"Resource\":\"arn:aws:s3:::homesite-takehome-test-transformed-54321/*\"},{\"Action\":\"s3:*\",\"Effect\":\"Allow\",\"Principal\":{\"AWS\":\"arn:aws:iam::858021811659:role/acp-etl-CommonEmrEc2Role\"},\"Resource\":\"arn:aws:s3:::homesite-takehome-test-transformed-54321/*\"},{\"Action\":[\"s3:GetObject\",\"s3:GetObjectVersion\"],\"Effect\":\"Allow\",\"Principal\":{\"AWS\":\"arn:aws:iam::858021811659:role/aws-terraform-sample\"},\"Resource\":\"arn:aws:s3:::homesite-takehome-test-transformed-54321/*\"},{\"Action\":\"s3:*\",\"Condition\":{\"Bool\":{\"aws:SecureTransport\":\"false\"}},\"Effect\":\"Deny\",\"Principal\":\"*\",\"Resource\":\"arn:aws:s3:::homesite-takehome-test-transformed-54321/*\"}],\"Version\":\"2008-10-17\"}",
                            "region": "us-west-2",
                            "replication_configuration.#": "0",
                            "request_payer": "BucketOwner",
                            "server_side_encryption_configuration.#": "1",
                            "server_side_encryption_configuration.0.rule.#": "1",
                            "server_side_encryption_configuration.0.rule.0.apply_server_side_encryption_by_default.#": "1",
                            "server_side_encryption_configuration.0.rule.0.apply_server_side_encryption_by_default.0.kms_master_key_id": "arn:aws:kms:us-west-2:858021811659:key/b8de547c-6f84-45b1-9525-23a2029d9efb",
                            "server_side_encryption_configuration.0.rule.0.apply_server_side_encryption_by_default.0.sse_algorithm": "aws:kms",
                            "tags.%": "0",
                            "versioning.#": "1",
                            "versioning.0.enabled": "false",
                            "versioning.0.mfa_delete": "false",
                            "website.#": "0"
                        },
                        "meta": {},
                        "tainted": false
                    },
                    "deposed": [],
                    "provider": "provider.aws"
                }
            },
            "depends_on": []
        }
    ]
}
